
Microsoft Visual Studio Solution File, Format Version 12.00
# Visual Studio 15
Project("{FAE04EC0-301F-11D3-BF4B-00C04F79EFBC}") = "landScape-Architecture", "Assembly-CSharp.csproj", "{19C1C0D0-9851-C167-3A6B-98D1851C763D}"
EndProject
Project("{FAE04EC0-301F-11D3-BF4B-00C04F79EFBC}") = "landScape-Architecture", "Assembly-CSharp-Editor.csproj", "{3D610E46-EF34-9732-FF6E-FB7448A6A8B7}"
EndProject
Project("{FAE04EC0-301F-11D3-BF4B-00C04F79EFBC}") = "Assembly-CSharp.Player", "Assembly-CSharp.Player.csproj", "{37CDCF3F-0389-B63F-5625-A1C74B87B5B7}"
EndProject
Global
	GlobalSection(SolutionConfigurationPlatforms) = preSolution
		Debug|Any CPU = Debug|Any CPU
		Release|Any CPU = Release|Any CPU
	EndGlobalSection
	GlobalSection(ProjectConfigurationPlatforms) = postSolution
		{19C1C0D0-9851-C167-3A6B-98D1851C763D}.Debug|Any CPU.ActiveCfg = Debug|Any CPU
		{19C1C0D0-9851-C167-3A6B-98D1851C763D}.Debug|Any CPU.Build.0 = Debug|Any CPU
		{19C1C0D0-9851-C167-3A6B-98D1851C763D}.Release|Any CPU.ActiveCfg = Release|Any CPU
		{19C1C0D0-9851-C167-3A6B-98D1851C763D}.Release|Any CPU.Build.0 = Release|Any CPU
		{3D610E46-EF34-9732-FF6E-FB7448A6A8B7}.Debug|Any CPU.ActiveCfg = Debug|Any CPU
		{3D610E46-EF34-9732-FF6E-FB7448A6A8B7}.Debug|Any CPU.Build.0 = Debug|Any CPU
		{3D610E46-EF34-9732-FF6E-FB7448A6A8B7}.Release|Any CPU.ActiveCfg = Release|Any CPU
		{3D610E46-EF34-9732-FF6E-FB7448A6A8B7}.Release|Any CPU.Build.0 = Release|Any CPU
		{37CDCF3F-0389-B63F-5625-A1C74B87B5B7}.Debug|Any CPU.ActiveCfg = Debug|Any CPU
		{37CDCF3F-0389-B63F-5625-A1C74B87B5B7}.Debug|Any CPU.Build.0 = Debug|Any CPU
		{37CDCF3F-0389-B63F-5625-A1C74B87B5B7}.Release|Any CPU.ActiveCfg = Release|Any CPU
		{37CDCF3F-0389-B63F-5625-A1C74B87B5B7}.Release|Any CPU.Build.0 = Release|Any CPU
	EndGlobalSection
	GlobalSection(SolutionProperties) = preSolution
		HideSolutionNode = FALSE
	EndGlobalSection
EndGlobal
