
Microsoft Visual Studio Solution File, Format Version 12.00
# Visual Studio 15
Project("{FAE04EC0-301F-11D3-BF4B-00C04F79EFBC}") = "landScape Architecture", "Assembly-CSharp.csproj", "{14A27445-14BC-522C-4458-D6B7D04F912E}"
EndProject
Project("{FAE04EC0-301F-11D3-BF4B-00C04F79EFBC}") = "landScape Architecture", "Assembly-CSharp-Editor.csproj", "{0E5F4592-DCD2-0D4F-22C9-3FB3C45F14F1}"
EndProject
Project("{FAE04EC0-301F-11D3-BF4B-00C04F79EFBC}") = "Assembly-CSharp.Player", "Assembly-CSharp.Player.csproj", "{37CDCF3F-0389-B63F-5625-A1C74B87B5B7}"
EndProject
Global
	GlobalSection(SolutionConfigurationPlatforms) = preSolution
		Debug|Any CPU = Debug|Any CPU
		Release|Any CPU = Release|Any CPU
	EndGlobalSection
	GlobalSection(ProjectConfigurationPlatforms) = postSolution
		{14A27445-14BC-522C-4458-D6B7D04F912E}.Debug|Any CPU.ActiveCfg = Debug|Any CPU
		{14A27445-14BC-522C-4458-D6B7D04F912E}.Debug|Any CPU.Build.0 = Debug|Any CPU
		{14A27445-14BC-522C-4458-D6B7D04F912E}.Release|Any CPU.ActiveCfg = Release|Any CPU
		{14A27445-14BC-522C-4458-D6B7D04F912E}.Release|Any CPU.Build.0 = Release|Any CPU
		{0E5F4592-DCD2-0D4F-22C9-3FB3C45F14F1}.Debug|Any CPU.ActiveCfg = Debug|Any CPU
		{0E5F4592-DCD2-0D4F-22C9-3FB3C45F14F1}.Debug|Any CPU.Build.0 = Debug|Any CPU
		{0E5F4592-DCD2-0D4F-22C9-3FB3C45F14F1}.Release|Any CPU.ActiveCfg = Release|Any CPU
		{0E5F4592-DCD2-0D4F-22C9-3FB3C45F14F1}.Release|Any CPU.Build.0 = Release|Any CPU
		{37CDCF3F-0389-B63F-5625-A1C74B87B5B7}.Debug|Any CPU.ActiveCfg = Debug|Any CPU
		{37CDCF3F-0389-B63F-5625-A1C74B87B5B7}.Debug|Any CPU.Build.0 = Debug|Any CPU
		{37CDCF3F-0389-B63F-5625-A1C74B87B5B7}.Release|Any CPU.ActiveCfg = Release|Any CPU
		{37CDCF3F-0389-B63F-5625-A1C74B87B5B7}.Release|Any CPU.Build.0 = Release|Any CPU
	EndGlobalSection
	GlobalSection(SolutionProperties) = preSolution
		HideSolutionNode = FALSE
	EndGlobalSection
EndGlobal
